github.com/pkg/errors v0.8.0 h1:WdK/asTD0HN+q6hsWO3/vpuAkAr+tw6aNJNDFFf0+qw=
github.com/pkg/errors v0.8.0/go.mod h1:bwawxfHBFNV+L2hUp1rHADufV3IMtnDRdf1r5NINEl0=
golang.org/x/crypto v0.0.0-20181001203147-e3636079e1a4 h1:Vk3wNqEZwyGyei9yq5ekj7frek2u7HUfffJ1/opblzc=
golang.org/x/crypto v0.0.0-20181001203147-e3636079e1a4/go.mod h1:6SG95UA2DQfeDnfUPMdvaQW0Q7yPrPDi9nlGo2tz2b4=
